
Microsoft Visual Studio Solution File, Format Version 10.00
# Visual Studio 2008
Project("{FAE04EC0-301F-11D3-BF4B-00C04F79EFBC}") = "WpfExplorer", "WpfExplorer\WpfExplorer.csproj", "{643642DC-D815-48F5-8055-0A759DFA512C}"
EndProject
Global
	GlobalSection(SolutionConfigurationPlatforms) = preSolution
		Debug|Any CPU = Debug|Any CPU
		Release|Any CPU = Release|Any CPU
	EndGlobalSection
	GlobalSection(ProjectConfigurationPlatforms) = postSolution
		{643642DC-D815-48F5-8055-0A759DFA512C}.Debug|Any CPU.ActiveCfg = Debug|Any CPU
		{643642DC-D815-48F5-8055-0A759DFA512C}.Debug|Any CPU.Build.0 = Debug|Any CPU
		{643642DC-D815-48F5-8055-0A759DFA512C}.Release|Any CPU.ActiveCfg = Release|Any CPU
		{643642DC-D815-48F5-8055-0A759DFA512C}.Release|Any CPU.Build.0 = Release|Any CPU
	EndGlobalSection
	GlobalSection(SolutionProperties) = preSolution
		HideSolutionNode = FALSE
	EndGlobalSection
EndGlobal
